# THIS IS AN AUTOGENERATED FILE. DO NOT EDIT THIS FILE DIRECTLY.
# yarn lockfile v1


typescript@^5.0.4:
  version "5.0.4"
  resolved "https://registry.yarnpkg.com/typescript/-/typescript-5.0.4.tgz#b217fd20119bd61a94d4011274e0ab369058da3b"
  integrity sha512-cW9T5W9xY37cc+jfEnaUvX91foxtHkza3Nw3wkoF4sSlKn0MONdkdEndig/qPBWXNkmplh3NzayQzCiHM4/hqw==

webord-plugin@^1.0.2:
  version "1.0.2"
  resolved "https://registry.yarnpkg.com/webord-plugin/-/webord-plugin-1.0.2.tgz#f2d698e1eb9e5172527c63881878ffc3e128bc5c"
  integrity sha512-J+m8RZnYAKPKOTgfg8vkNvj3g3wIQOzhht1O2uMUQBDrYcmwxs76KMkwZul2Vqz3Rhu7p8ERCTmja51rQrAxBg==
